
Microsoft Visual Studio Solution File, Format Version 12.00
# Visual Studio Version 16
VisualStudioVersion = 16.0.30011.22
MinimumVisualStudioVersion = 10.0.40219.1
Project("{9A19103F-16F7-4668-BE54-9A1E7A4F7556}") = "DependencyInjectionSample", "DependencyInjectionSample.csproj", "{ABA30D0F-AD3A-4C84-937F-85B26BCAD207}"
EndProject
Global
	GlobalSection(SolutionConfigurationPlatforms) = preSolution
		Debug|Any CPU = Debug|Any CPU
		Release|Any CPU = Release|Any CPU
	EndGlobalSection
	GlobalSection(ProjectConfigurationPlatforms) = postSolution
		{ABA30D0F-AD3A-4C84-937F-85B26BCAD207}.Debug|Any CPU.ActiveCfg = Debug|Any CPU
		{ABA30D0F-AD3A-4C84-937F-85B26BCAD207}.Debug|Any CPU.Build.0 = Debug|Any CPU
		{ABA30D0F-AD3A-4C84-937F-85B26BCAD207}.Release|Any CPU.ActiveCfg = Release|Any CPU
		{ABA30D0F-AD3A-4C84-937F-85B26BCAD207}.Release|Any CPU.Build.0 = Release|Any CPU
	EndGlobalSection
	GlobalSection(SolutionProperties) = preSolution
		HideSolutionNode = FALSE
	EndGlobalSection
	GlobalSection(ExtensibilityGlobals) = postSolution
		SolutionGuid = {5E993DCC-C090-4D49-9AD9-5092FE405E78}
	EndGlobalSection
EndGlobal
